// !$*UTF8*$!
{
	archiveVersion = 1;
	classes = {
	};
	objectVersion = 50;
	objects = {

/* Begin PBXBuildFile section */
		3B46D7F62359CA3300B74CCA /* About.swift in Sources */ = {isa = PBXBuildFile; fileRef = 3B46D7F52359CA3200B74CCA /* About.swift */; };
		57029F8E23582D6A00227455 /* AppDelegate.swift in Sources */ = {isa = PBXBuildFile; fileRef = 57029F8D23582D6A00227455 /* AppDelegate.swift */; };
		57029F9023582D6A00227455 /* SceneDelegate.swift in Sources */ = {isa = PBXBuildFile; fileRef = 57029F8F23582D6A00227455 /* SceneDelegate.swift */; };
		57029F9423582D7000227455 /* Assets.xcassets in Resources */ = {isa = PBXBuildFile; fileRef = 57029F9323582D7000227455 /* Assets.xcassets */; };
		57029F9723582D7000227455 /* Preview Assets.xcassets in Resources */ = {isa = PBXBuildFile; fileRef = 57029F9623582D7000227455 /* Preview Assets.xcassets */; };
		57029F9A23582D7000227455 /* LaunchScreen.storyboard in Resources */ = {isa = PBXBuildFile; fileRef = 57029F9823582D7000227455 /* LaunchScreen.storyboard */; };
		57029FA223582E2C00227455 /* AppView.swift in Sources */ = {isa = PBXBuildFile; fileRef = 57029FA123582E2B00227455 /* AppView.swift */; };
		57029FA623582F8C00227455 /* ContentView.swift in Sources */ = {isa = PBXBuildFile; fileRef = 57029FA523582F8C00227455 /* ContentView.swift */; };
		57C3FAEC2358377E008E64E0 /* Player.swift in Sources */ = {isa = PBXBuildFile; fileRef = 57C3FAEB2358377E008E64E0 /* Player.swift */; };
		57C3FAEE2358395B008E64E0 /* Data.swift in Sources */ = {isa = PBXBuildFile; fileRef = 57C3FAED2358395B008E64E0 /* Data.swift */; };
		57C3FAF023583B57008E64E0 /* PlayerRow.swift in Sources */ = {isa = PBXBuildFile; fileRef = 57C3FAEF23583B57008E64E0 /* PlayerRow.swift */; };
		57C3FAF223583E7D008E64E0 /* TeamDetail.swift in Sources */ = {isa = PBXBuildFile; fileRef = 57C3FAF123583E7D008E64E0 /* TeamDetail.swift */; };
		57C3FAF4235841E2008E64E0 /* TeamList.swift in Sources */ = {isa = PBXBuildFile; fileRef = 57C3FAF3235841E2008E64E0 /* TeamList.swift */; };
/* End PBXBuildFile section */

/* Begin PBXFileReference section */
		3B46D7F52359CA3200B74CCA /* About.swift */ = {isa = PBXFileReference; lastKnownFileType = sourcecode.swift; path = About.swift; sourceTree = "<group>"; };
		57029F8A23582D6A00227455 /* Basketball.app */ = {isa = PBXFileReference; explicitFileType = wrapper.application; includeInIndex = 0; path = Basketball.app; sourceTree = BUILT_PRODUCTS_DIR; };
		57029F8D23582D6A00227455 /* AppDelegate.swift */ = {isa = PBXFileReference; lastKnownFileType = sourcecode.swift; path = AppDelegate.swift; sourceTree = "<group>"; };
		57029F8F23582D6A00227455 /* SceneDelegate.swift */ = {isa = PBXFileReference; lastKnownFileType = sourcecode.swift; path = SceneDelegate.swift; sourceTree = "<group>"; };
		57029F9323582D7000227455 /* Assets.xcassets */ = {isa = PBXFileReference; lastKnownFileType = folder.assetcatalog; path = Assets.xcassets; sourceTree = "<group>"; };
		57029F9623582D7000227455 /* Preview Assets.xcassets */ = {isa = PBXFileReference; lastKnownFileType = folder.assetcatalog; path = "Preview Assets.xcassets"; sourceTree = "<group>"; };
		57029F9923582D7000227455 /* Base */ = {isa = PBXFileReference; lastKnownFileType = file.storyboard; name = Base; path = Base.lproj/LaunchScreen.storyboard; sourceTree = "<group>"; };
		57029F9B23582D7000227455 /* Info.plist */ = {isa = PBXFileReference; lastKnownFileType = text.plist.xml; path = Info.plist; sourceTree = "<group>"; };
		57029FA123582E2B00227455 /* AppView.swift */ = {isa = PBXFileReference; lastKnownFileType = sourcecode.swift; path = AppView.swift; sourceTree = "<group>"; };
		57029FA523582F8C00227455 /* ContentView.swift */ = {isa = PBXFileReference; lastKnownFileType = sourcecode.swift; path = ContentView.swift; sourceTree = "<group>"; };
		57C3FAEB2358377E008E64E0 /* Player.swift */ = {isa = PBXFileReference; lastKnownFileType = sourcecode.swift; path = Player.swift; sourceTree = "<group>"; };
		57C3FAED2358395B008E64E0 /* Data.swift */ = {isa = PBXFileReference; lastKnownFileType = sourcecode.swift; path = Data.swift; sourceTree = "<group>"; };
		57C3FAEF23583B57008E64E0 /* PlayerRow.swift */ = {isa = PBXFileReference; lastKnownFileType = sourcecode.swift; path = PlayerRow.swift; sourceTree = "<group>"; };
		57C3FAF123583E7D008E64E0 /* TeamDetail.swift */ = {isa = PBXFileReference; lastKnownFileType = sourcecode.swift; path = TeamDetail.swift; sourceTree = "<group>"; usesTabs = 0; };
		57C3FAF3235841E2008E64E0 /* TeamList.swift */ = {isa = PBXFileReference; lastKnownFileType = sourcecode.swift; path = TeamList.swift; sourceTree = "<group>"; };
/* End PBXFileReference section */

/* Begin PBXFrameworksBuildPhase section */
		57029F8723582D6A00227455 /* Frameworks */ = {
			isa = PBXFrameworksBuildPhase;
			buildActionMask = 2147483647;
			files = (
			);
			runOnlyForDeploymentPostprocessing = 0;
		};
/* End PBXFrameworksBuildPhase section */

/* Begin PBXGroup section */
		57029F8123582D6A00227455 = {
			isa = PBXGroup;
			children = (
				57029F8C23582D6A00227455 /* Basketball */,
				57029F8B23582D6A00227455 /* Products */,
			);
			sourceTree = "<group>";
		};
		57029F8B23582D6A00227455 /* Products */ = {
			isa = PBXGroup;
			children = (
				57029F8A23582D6A00227455 /* Basketball.app */,
			);
			name = Products;
			sourceTree = "<group>";
		};
		57029F8C23582D6A00227455 /* Basketball */ = {
			isa = PBXGroup;
			children = (
				57029F8D23582D6A00227455 /* AppDelegate.swift */,
				57029F8F23582D6A00227455 /* SceneDelegate.swift */,
				57029FA123582E2B00227455 /* AppView.swift */,
				57C3FAF3235841E2008E64E0 /* TeamList.swift */,
				57029FA523582F8C00227455 /* ContentView.swift */,
				3B46D7F52359CA3200B74CCA /* About.swift */,
				57C3FAF123583E7D008E64E0 /* TeamDetail.swift */,
				57C3FAEF23583B57008E64E0 /* PlayerRow.swift */,
				57C3FAEB2358377E008E64E0 /* Player.swift */,
				57C3FAED2358395B008E64E0 /* Data.swift */,
				57029F9323582D7000227455 /* Assets.xcassets */,
				57029F9823582D7000227455 /* LaunchScreen.storyboard */,
				57029F9B23582D7000227455 /* Info.plist */,
				57029F9523582D7000227455 /* Preview Content */,
			);
			path = Basketball;
			sourceTree = "<group>";
		};
		57029F9523582D7000227455 /* Preview Content */ = {
			isa = PBXGroup;
			children = (
				57029F9623582D7000227455 /* Preview Assets.xcassets */,
			);
			path = "Preview Content";
			sourceTree = "<group>";
		};
/* End PBXGroup section */

/* Begin PBXNativeTarget section */
		57029F8923582D6A00227455 /* Basketball */ = {
			isa = PBXNativeTarget;
			buildConfigurationList = 57029F9E23582D7000227455 /* Build configuration list for PBXNativeTarget "Basketball" */;
			buildPhases = (
				57029F8623582D6A00227455 /* Sources */,
				57029F8723582D6A00227455 /* Frameworks */,
				57029F8823582D6A00227455 /* Resources */,
			);
			buildRules = (
			);
			dependencies = (
			);
			name = Basketball;
			productName = Basketball;
			productReference = 57029F8A23582D6A00227455 /* Basketball.app */;
			productType = "com.apple.product-type.application";
		};
/* End PBXNativeTarget section */

/* Begin PBXProject section */
		57029F8223582D6A00227455 /* Project object */ = {
			isa = PBXProject;
			attributes = {
				LastSwiftUpdateCheck = 1110;
				LastUpgradeCheck = 1110;
				ORGANIZATIONNAME = User02;
				TargetAttributes = {
					57029F8923582D6A00227455 = {
						CreatedOnToolsVersion = 11.1;
					};
				};
			};
			buildConfigurationList = 57029F8523582D6A00227455 /* Build configuration list for PBXProject "Basketball" */;
			compatibilityVersion = "Xcode 9.3";
			developmentRegion = en;
			hasScannedForEncodings = 0;
			knownRegions = (
				en,
				Base,
			);
			mainGroup = 57029F8123582D6A00227455;
			productRefGroup = 57029F8B23582D6A00227455 /* Products */;
			projectDirPath = "";
			projectRoot = "";
			targets = (
				57029F8923582D6A00227455 /* Basketball */,
			);
		};
/* End PBXProject section */

/* Begin PBXResourcesBuildPhase section */
		57029F8823582D6A00227455 /* Resources */ = {
			isa = PBXResourcesBuildPhase;
			buildActionMask = 2147483647;
			files = (
				57029F9A23582D7000227455 /* LaunchScreen.storyboard in Resources */,
				57029F9723582D7000227455 /* Preview Assets.xcassets in Resources */,
				57029F9423582D7000227455 /* Assets.xcassets in Resources */,
			);
			runOnlyForDeploymentPostprocessing = 0;
		};
/* End PBXResourcesBuildPhase section */

/* Begin PBXSourcesBuildPhase section */
		57029F8623582D6A00227455 /* Sources */ = {
			isa = PBXSourcesBuildPhase;
			buildActionMask = 2147483647;
			files = (
				57C3FAF4235841E2008E64E0 /* TeamList.swift in Sources */,
				57C3FAEE2358395B008E64E0 /* Data.swift in Sources */,
				57029FA223582E2C00227455 /* AppView.swift in Sources */,
				57029FA623582F8C00227455 /* ContentView.swift in Sources */,
				57C3FAF223583E7D008E64E0 /* TeamDetail.swift in Sources */,
				3B46D7F62359CA3300B74CCA /* About.swift in Sources */,
				57029F8E23582D6A00227455 /* AppDelegate.swift in Sources */,
				57C3FAEC2358377E008E64E0 /* Player.swift in Sources */,
				57029F9023582D6A00227455 /* SceneDelegate.swift in Sources */,
				57C3FAF023583B57008E64E0 /* PlayerRow.swift in Sources */,
			);
			runOnlyForDeploymentPostprocessing = 0;
		};
/* End PBXSourcesBuildPhase section */

/* Begin PBXVariantGroup section */
		57029F9823582D7000227455 /* LaunchScreen.storyboard */ = {
			isa = PBXVariantGroup;
			children = (
				57029F9923582D7000227455 /* Base */,
			);
			name = LaunchScreen.storyboard;
			sourceTree = "<group>";
		};
/* End PBXVariantGroup section */

/* Begin XCBuildConfiguration section */
		57029F9C23582D7000227455 /* Debug */ = {
			isa = XCBuildConfiguration;
			buildSettings = {
				ALWAYS_SEARCH_USER_PATHS = NO;
				CLANG_ANALYZER_NONNULL = YES;
				CLANG_ANALYZER_NUMBER_OBJECT_CONVERSION = YES_AGGRESSIVE;
				CLANG_CXX_LANGUAGE_STANDARD = "gnu++14";
				CLANG_CXX_LIBRARY = "libc++";
				CLANG_ENABLE_MODULES = YES;
				CLANG_ENABLE_OBJC_ARC = YES;
				CLANG_ENABLE_OBJC_WEAK = YES;
				CLANG_WARN_BLOCK_CAPTURE_AUTORELEASING = YES;
				CLANG_WARN_BOOL_CONVERSION = YES;
				CLANG_WARN_COMMA = YES;
				CLANG_WARN_CONSTANT_CONVERSION = YES;
				CLANG_WARN_DEPRECATED_OBJC_IMPLEMENTATIONS = YES;
				CLANG_WARN_DIRECT_OBJC_ISA_USAGE = YES_ERROR;
				CLANG_WARN_DOCUMENTATION_COMMENTS = YES;
				CLANG_WARN_EMPTY_BODY = YES;
				CLANG_WARN_ENUM_CONVERSION = YES;
				CLANG_WARN_INFINITE_RECURSION = YES;
				CLANG_WARN_INT_CONVERSION = YES;
				CLANG_WARN_NON_LITERAL_NULL_CONVERSION = YES;
				CLANG_WARN_OBJC_IMPLICIT_RETAIN_SELF = YES;
				CLANG_WARN_OBJC_LITERAL_CONVERSION = YES;
				CLANG_WARN_OBJC_ROOT_CLASS = YES_ERROR;
				CLANG_WARN_RANGE_LOOP_ANALYSIS = YES;
				CLANG_WARN_STRICT_PROTOTYPES = YES;
				CLANG_WARN_SUSPICIOUS_MOVE = YES;
				CLANG_WARN_UNGUARDED_AVAILABILITY = YES_AGGRESSIVE;
				CLANG_WARN_UNREACHABLE_CODE = YES;
				CLANG_WARN__DUPLICATE_METHOD_MATCH = YES;
				COPY_PHASE_STRIP = NO;
				DEBUG_INFORMATION_FORMAT = dwarf;
				ENABLE_STRICT_OBJC_MSGSEND = YES;
				ENABLE_TESTABILITY = YES;
				GCC_C_LANGUAGE_STANDARD = gnu11;
				GCC_DYNAMIC_NO_PIC = NO;
				GCC_NO_COMMON_BLOCKS = YES;
				GCC_OPTIMIZATION_LEVEL = 0;
				GCC_PREPROCESSOR_DEFINITIONS = (
					"DEBUG=1",
					"$(inherited)",
				);
				GCC_WARN_64_TO_32_BIT_CONVERSION = YES;
				GCC_WARN_ABOUT_RETURN_TYPE = YES_ERROR;
				GCC_WARN_UNDECLARED_SELECTOR = YES;
				GCC_WARN_UNINITIALIZED_AUTOS = YES_AGGRESSIVE;
				GCC_WARN_UNUSED_FUNCTION = YES;
				GCC_WARN_UNUSED_VARIABLE = YES;
				IPHONEOS_DEPLOYMENT_TARGET = 13.1;
				MTL_ENABLE_DEBUG_INFO = INCLUDE_SOURCE;
				MTL_FAST_MATH = YES;
				ONLY_ACTIVE_ARCH = YES;
				SDKROOT = iphoneos;
				SWIFT_ACTIVE_COMPILATION_CONDITIONS = DEBUG;
				SWIFT_OPTIMIZATION_LEVEL = "-Onone";
			};
			name = Debug;
		};
		57029F9D23582D7000227455 /* Release */ = {
			isa = XCBuildConfiguration;
			buildSettings = {
				ALWAYS_SEARCH_USER_PATHS = NO;
				CLANG_ANALYZER_NONNULL = YES;
				CLANG_ANALYZER_NUMBER_OBJECT_CONVERSION = YES_AGGRESSIVE;
				CLANG_CXX_LANGUAGE_STANDARD = "gnu++14";
				CLANG_CXX_LIBRARY = "libc++";
				CLANG_ENABLE_MODULES = YES;
				CLANG_ENABLE_OBJC_ARC = YES;
				CLANG_ENABLE_OBJC_WEAK = YES;
				CLANG_WARN_BLOCK_CAPTURE_AUTORELEASING = YES;
				CLANG_WARN_BOOL_CONVERSION = YES;
				CLANG_WARN_COMMA = YES;
				CLANG_WARN_CONSTANT_CONVERSION = YES;
				CLANG_WARN_DEPRECATED_OBJC_IMPLEMENTATIONS = YES;
				CLANG_WARN_DIRECT_OBJC_ISA_USAGE = YES_ERROR;
				CLANG_WARN_DOCUMENTATION_COMMENTS = YES;
				CLANG_WARN_EMPTY_BODY = YES;
				CLANG_WARN_ENUM_CONVERSION = YES;
				CLANG_WARN_INFINITE_RECURSION = YES;
				CLANG_WARN_INT_CONVERSION = YES;
				CLANG_WARN_NON_LITERAL_NULL_CONVERSION = YES;
				CLANG_WARN_OBJC_IMPLICIT_RETAIN_SELF = YES;
				CLANG_WARN_OBJC_LITERAL_CONVERSION = YES;
				CLANG_WARN_OBJC_ROOT_CLASS = YES_ERROR;
				CLANG_WARN_RANGE_LOOP_ANALYSIS = YES;
				CLANG_WARN_STRICT_PROTOTYPES = YES;
				CLANG_WARN_SUSPICIOUS_MOVE = YES;
				CLANG_WARN_UNGUARDED_AVAILABILITY = YES_AGGRESSIVE;
				CLANG_WARN_UNREACHABLE_CODE = YES;
				CLANG_WARN__DUPLICATE_METHOD_MATCH = YES;
				COPY_PHASE_STRIP = NO;
				DEBUG_INFORMATION_FORMAT = "dwarf-with-dsym";
				ENABLE_NS_ASSERTIONS = NO;
				ENABLE_STRICT_OBJC_MSGSEND = YES;
				GCC_C_LANGUAGE_STANDARD = gnu11;
				GCC_NO_COMMON_BLOCKS = YES;
				GCC_WARN_64_TO_32_BIT_CONVERSION = YES;
				GCC_WARN_ABOUT_RETURN_TYPE = YES_ERROR;
				GCC_WARN_UNDECLARED_SELECTOR = YES;
				GCC_WARN_UNINITIALIZED_AUTOS = YES_AGGRESSIVE;
				GCC_WARN_UNUSED_FUNCTION = YES;
				GCC_WARN_UNUSED_VARIABLE = YES;
				IPHONEOS_DEPLOYMENT_TARGET = 13.1;
				MTL_ENABLE_DEBUG_INFO = NO;
				MTL_FAST_MATH = YES;
				SDKROOT = iphoneos;
				SWIFT_COMPILATION_MODE = wholemodule;
				SWIFT_OPTIMIZATION_LEVEL = "-O";
				VALIDATE_PRODUCT = YES;
			};
			name = Release;
		};
		57029F9F23582D7000227455 /* Debug */ = {
			isa = XCBuildConfiguration;
			buildSettings = {
				ASSETCATALOG_COMPILER_APPICON_NAME = AppIcon;
				CODE_SIGN_STYLE = Automatic;
				DEVELOPMENT_ASSET_PATHS = "\"Basketball/Preview Content\"";
				ENABLE_PREVIEWS = YES;
				INFOPLIST_FILE = Basketball/Info.plist;
				LD_RUNPATH_SEARCH_PATHS = (
					"$(inherited)",
					"@executable_path/Frameworks",
				);
				PRODUCT_BUNDLE_IDENTIFIER = tf.Basketball;
				PRODUCT_NAME = "$(TARGET_NAME)";
				SWIFT_VERSION = 5.0;
				TARGETED_DEVICE_FAMILY = "1,2";
			};
			name = Debug;
		};
		57029FA023582D7000227455 /* Release */ = {
			isa = XCBuildConfiguration;
			buildSettings = {
				ASSETCATALOG_COMPILER_APPICON_NAME = AppIcon;
				CODE_SIGN_STYLE = Automatic;
				DEVELOPMENT_ASSET_PATHS = "\"Basketball/Preview Content\"";
				ENABLE_PREVIEWS = YES;
				INFOPLIST_FILE = Basketball/Info.plist;
				LD_RUNPATH_SEARCH_PATHS = (
					"$(inherited)",
					"@executable_path/Frameworks",
				);
				PRODUCT_BUNDLE_IDENTIFIER = tf.Basketball;
				PRODUCT_NAME = "$(TARGET_NAME)";
				SWIFT_VERSION = 5.0;
				TARGETED_DEVICE_FAMILY = "1,2";
			};
			name = Release;
		};
/* End XCBuildConfiguration section */

/* Begin XCConfigurationList section */
		57029F8523582D6A00227455 /* Build configuration list for PBXProject "Basketball" */ = {
			isa = XCConfigurationList;
			buildConfigurations = (
				57029F9C23582D7000227455 /* Debug */,
				57029F9D23582D7000227455 /* Release */,
			);
			defaultConfigurationIsVisible = 0;
			defaultConfigurationName = Release;
		};
		57029F9E23582D7000227455 /* Build configuration list for PBXNativeTarget "Basketball" */ = {
			isa = XCConfigurationList;
			buildConfigurations = (
				57029F9F23582D7000227455 /* Debug */,
				57029FA023582D7000227455 /* Release */,
			);
			defaultConfigurationIsVisible = 0;
			defaultConfigurationName = Release;
		};
/* End XCConfigurationList section */
	};
	rootObject = 57029F8223582D6A00227455 /* Project object */;
}
